
Microsoft Visual Studio Solution File, Format Version 12.00
# Visual Studio Version 17
VisualStudioVersion = 17.11.35303.130
MinimumVisualStudioVersion = 10.0.40219.1
Project("{9A19103F-16F7-4668-BE54-9A1E7A4F7556}") = "UserProject_1", "UserProject_1\UserProject_1.csproj", "{07B49774-9F73-4B6A-B092-1798546C6F32}"
EndProject
Global
	GlobalSection(SolutionConfigurationPlatforms) = preSolution
		Debug|Any CPU = Debug|Any CPU
		Release|Any CPU = Release|Any CPU
	EndGlobalSection
	GlobalSection(ProjectConfigurationPlatforms) = postSolution
		{07B49774-9F73-4B6A-B092-1798546C6F32}.Debug|Any CPU.ActiveCfg = Debug|Any CPU
		{07B49774-9F73-4B6A-B092-1798546C6F32}.Debug|Any CPU.Build.0 = Debug|Any CPU
		{07B49774-9F73-4B6A-B092-1798546C6F32}.Release|Any CPU.ActiveCfg = Release|Any CPU
		{07B49774-9F73-4B6A-B092-1798546C6F32}.Release|Any CPU.Build.0 = Release|Any CPU
		{0A33ACD9-EBBD-43E3-ADE9-C8A7F4834D0F}.Debug|Any CPU.ActiveCfg = Debug|Any CPU
		{0A33ACD9-EBBD-43E3-ADE9-C8A7F4834D0F}.Debug|Any CPU.Build.0 = Debug|Any CPU
		{0A33ACD9-EBBD-43E3-ADE9-C8A7F4834D0F}.Release|Any CPU.ActiveCfg = Release|Any CPU
		{0A33ACD9-EBBD-43E3-ADE9-C8A7F4834D0F}.Release|Any CPU.Build.0 = Release|Any CPU
	EndGlobalSection
	GlobalSection(SolutionProperties) = preSolution
		HideSolutionNode = FALSE
	EndGlobalSection
	GlobalSection(ExtensibilityGlobals) = postSolution
		SolutionGuid = {7BC2D4F9-5A69-4F6E-A4E4-63CB5CEF520E}
	EndGlobalSection
EndGlobal
